PODS:
  - iOSFileSystem (0.1.0)
  - Nimble (7.0.3)
  - Quick (1.2.0)

DEPENDENCIES:
  - iOSFileSystem (from `../`)
  - Nimble (~> 7.0.2)
  - Quick (~> 1.2.0)

SPEC REPOS:
  https://github.com/cocoapods/specs.git:
    - Nimble
    - Quick

EXTERNAL SOURCES:
  iOSFileSystem:
    :path: "../"

SPEC CHECKSUMS:
  iOSFileSystem: c8cb60f48e398ce8dfd5702c511b5faca816f7d5
  Nimble: 7f5a9c447a33002645a071bddafbfb24ea70e0ac
  Quick: 58d203b1c5e27fff7229c4c1ae445ad7069a7a08

PODFILE CHECKSUM: 6a9153bd539e7ac7dcf1a4d81114f366f769ab9e

COCOAPODS: 1.5.3
